
Microsoft Visual Studio Solution File, Format Version 12.00
# Visual Studio Version 17
VisualStudioVersion = 17.11.35222.181
MinimumVisualStudioVersion = 10.0.40219.1
Project("{FAE04EC0-301F-11D3-BF4B-00C04F79EFBC}") = "MT", "MT\MT.csproj", "{951A656B-6AB1-4C50-942E-4EDBB56065E0}"
EndProject
Project("{FAE04EC0-301F-11D3-BF4B-00C04F79EFBC}") = "Model", "Model\Model.csproj", "{AC28C218-0796-47F9-AAFC-C2418221FA58}"
EndProject
Global
	GlobalSection(SolutionConfigurationPlatforms) = preSolution
		Debug|Any CPU = Debug|Any CPU
		Release|Any CPU = Release|Any CPU
	EndGlobalSection
	GlobalSection(ProjectConfigurationPlatforms) = postSolution
		{951A656B-6AB1-4C50-942E-4EDBB56065E0}.Debug|Any CPU.ActiveCfg = Debug|Any CPU
		{951A656B-6AB1-4C50-942E-4EDBB56065E0}.Debug|Any CPU.Build.0 = Debug|Any CPU
		{951A656B-6AB1-4C50-942E-4EDBB56065E0}.Release|Any CPU.ActiveCfg = Release|Any CPU
		{951A656B-6AB1-4C50-942E-4EDBB56065E0}.Release|Any CPU.Build.0 = Release|Any CPU
		{AC28C218-0796-47F9-AAFC-C2418221FA58}.Debug|Any CPU.ActiveCfg = Debug|Any CPU
		{AC28C218-0796-47F9-AAFC-C2418221FA58}.Debug|Any CPU.Build.0 = Debug|Any CPU
		{AC28C218-0796-47F9-AAFC-C2418221FA58}.Release|Any CPU.ActiveCfg = Release|Any CPU
		{AC28C218-0796-47F9-AAFC-C2418221FA58}.Release|Any CPU.Build.0 = Release|Any CPU
	EndGlobalSection
	GlobalSection(SolutionProperties) = preSolution
		HideSolutionNode = FALSE
	EndGlobalSection
	GlobalSection(ExtensibilityGlobals) = postSolution
		SolutionGuid = {19E73245-E0FE-42C8-9CF3-01C7911D3D5C}
	EndGlobalSection
EndGlobal
